
Microsoft Visual Studio Solution File, Format Version 12.00
# Visual Studio 15
VisualStudioVersion = 15.0.28010.2026
MinimumVisualStudioVersion = 10.0.40219.1
Project("{FAE04EC0-301F-11D3-BF4B-00C04F79EFBC}") = "ChallengeSimpleDarts_byMe", "ChallengeSimpleDarts_byMe\ChallengeSimpleDarts_byMe.csproj", "{2C3F8FCF-A008-45BF-A3A2-9546CDE4BD8B}"
EndProject
Project("{FAE04EC0-301F-11D3-BF4B-00C04F79EFBC}") = "Darts", "Darts\Darts.csproj", "{83A3BEB6-EA1A-40F8-AC8F-ACF0C98CE80E}"
EndProject
Global
	GlobalSection(SolutionConfigurationPlatforms) = preSolution
		Debug|Any CPU = Debug|Any CPU
		Release|Any CPU = Release|Any CPU
	EndGlobalSection
	GlobalSection(ProjectConfigurationPlatforms) = postSolution
		{2C3F8FCF-A008-45BF-A3A2-9546CDE4BD8B}.Debug|Any CPU.ActiveCfg = Debug|Any CPU
		{2C3F8FCF-A008-45BF-A3A2-9546CDE4BD8B}.Debug|Any CPU.Build.0 = Debug|Any CPU
		{2C3F8FCF-A008-45BF-A3A2-9546CDE4BD8B}.Release|Any CPU.ActiveCfg = Release|Any CPU
		{2C3F8FCF-A008-45BF-A3A2-9546CDE4BD8B}.Release|Any CPU.Build.0 = Release|Any CPU
		{83A3BEB6-EA1A-40F8-AC8F-ACF0C98CE80E}.Debug|Any CPU.ActiveCfg = Debug|Any CPU
		{83A3BEB6-EA1A-40F8-AC8F-ACF0C98CE80E}.Debug|Any CPU.Build.0 = Debug|Any CPU
		{83A3BEB6-EA1A-40F8-AC8F-ACF0C98CE80E}.Release|Any CPU.ActiveCfg = Release|Any CPU
		{83A3BEB6-EA1A-40F8-AC8F-ACF0C98CE80E}.Release|Any CPU.Build.0 = Release|Any CPU
	EndGlobalSection
	GlobalSection(SolutionProperties) = preSolution
		HideSolutionNode = FALSE
	EndGlobalSection
	GlobalSection(ExtensibilityGlobals) = postSolution
		SolutionGuid = {9C8C9A52-298E-486C-96A8-01833B27FC93}
	EndGlobalSection
EndGlobal
